
Microsoft Visual Studio Solution File, Format Version 12.00
# Visual Studio Version 16
VisualStudioVersion = 16.0.31702.278
MinimumVisualStudioVersion = 10.0.40219.1
Project("{FAE04EC0-301F-11D3-BF4B-00C04F79EFBC}") = "TagHelpers", "TagHelpers\TagHelpers.csproj", "{8C98D67E-7B60-488F-9160-E405881E16CD}"
EndProject
Global
	GlobalSection(SolutionConfigurationPlatforms) = preSolution
		Debug|Any CPU = Debug|Any CPU
		Release|Any CPU = Release|Any CPU
	EndGlobalSection
	GlobalSection(ProjectConfigurationPlatforms) = postSolution
		{8C98D67E-7B60-488F-9160-E405881E16CD}.Debug|Any CPU.ActiveCfg = Debug|Any CPU
		{8C98D67E-7B60-488F-9160-E405881E16CD}.Debug|Any CPU.Build.0 = Debug|Any CPU
		{8C98D67E-7B60-488F-9160-E405881E16CD}.Release|Any CPU.ActiveCfg = Release|Any CPU
		{8C98D67E-7B60-488F-9160-E405881E16CD}.Release|Any CPU.Build.0 = Release|Any CPU
	EndGlobalSection
	GlobalSection(SolutionProperties) = preSolution
		HideSolutionNode = FALSE
	EndGlobalSection
	GlobalSection(ExtensibilityGlobals) = postSolution
		SolutionGuid = {A20DF2CD-4D63-42D9-9E74-5AC056DDD0C4}
	EndGlobalSection
EndGlobal
